
Microsoft Visual Studio Solution File, Format Version 12.00
# Visual Studio 15
VisualStudioVersion = 15.0.28307.421
MinimumVisualStudioVersion = 10.0.40219.1
Project("{FAE04EC0-301F-11D3-BF4B-00C04F79EFBC}") = "DPV", "DPV.csproj", "{E26AFCB3-33E3-47A4-BE4E-5214D56603C8}"
EndProject
Project("{FAE04EC0-301F-11D3-BF4B-00C04F79EFBC}") = "DpvClassLibrary", "DpvClassLibrary\DpvClassLibrary.csproj", "{7126FF1C-08FE-455A-BB8A-08B87F70920D}"
EndProject
Global
	GlobalSection(SolutionConfigurationPlatforms) = preSolution
		Debug|Any CPU = Debug|Any CPU
		Release|Any CPU = Release|Any CPU
	EndGlobalSection
	GlobalSection(ProjectConfigurationPlatforms) = postSolution
		{E26AFCB3-33E3-47A4-BE4E-5214D56603C8}.Debug|Any CPU.ActiveCfg = Debug|Any CPU
		{E26AFCB3-33E3-47A4-BE4E-5214D56603C8}.Debug|Any CPU.Build.0 = Debug|Any CPU
		{E26AFCB3-33E3-47A4-BE4E-5214D56603C8}.Release|Any CPU.ActiveCfg = Release|Any CPU
		{E26AFCB3-33E3-47A4-BE4E-5214D56603C8}.Release|Any CPU.Build.0 = Release|Any CPU
		{7126FF1C-08FE-455A-BB8A-08B87F70920D}.Debug|Any CPU.ActiveCfg = Debug|Any CPU
		{7126FF1C-08FE-455A-BB8A-08B87F70920D}.Debug|Any CPU.Build.0 = Debug|Any CPU
		{7126FF1C-08FE-455A-BB8A-08B87F70920D}.Release|Any CPU.ActiveCfg = Release|Any CPU
		{7126FF1C-08FE-455A-BB8A-08B87F70920D}.Release|Any CPU.Build.0 = Release|Any CPU
	EndGlobalSection
	GlobalSection(SolutionProperties) = preSolution
		HideSolutionNode = FALSE
	EndGlobalSection
	GlobalSection(ExtensibilityGlobals) = postSolution
		SolutionGuid = {1194F274-88B8-4E93-9B04-61ADC2F208F1}
	EndGlobalSection
EndGlobal
